// !$*UTF8*$!
{
	archiveVersion = 1;
	classes = {
	};
	objectVersion = 46;
	objects = {

/* Begin PBXBuildFile section */
		13D6F966167D282C0076213A /* Button.c in Sources */ = {isa = PBXBuildFile; fileRef = 13D6F93E167D282C0076213A /* Button.c */; };
		13D6F967167D282C0076213A /* DigitalIOButton.c in Sources */ = {isa = PBXBuildFile; fileRef = 13D6F940167D282C0076213A /* DigitalIOButton.c */; };
		13D6F968167D282C0076213A /* InternalButton.c in Sources */ = {isa = PBXBuildFile; fileRef = 13D6F941167D282C0076213A /* InternalButton.c */; };
		13D6F969167D282C0076213A /* JoystickButton.c in Sources */ = {isa = PBXBuildFile; fileRef = 13D6F942167D282C0076213A /* JoystickButton.c */; };
		13D6F96A167D282C0076213A /* Command.c in Sources */ = {isa = PBXBuildFile; fileRef = 13D6F943167D282C0076213A /* Command.c */; };
		13D6F96B167D282C0076213A /* CommandGroup.c in Sources */ = {isa = PBXBuildFile; fileRef = 13D6F944167D282C0076213A /* CommandGroup.c */; };
		13D6F96C167D282C0076213A /* PrintCommand.c in Sources */ = {isa = PBXBuildFile; fileRef = 13D6F946167D282C0076213A /* PrintCommand.c */; };
		13D6F96D167D282C0076213A /* StartCommand.c in Sources */ = {isa = PBXBuildFile; fileRef = 13D6F947167D282C0076213A /* StartCommand.c */; };
		13D6F96E167D282C0076213A /* WaitCommand.c in Sources */ = {isa = PBXBuildFile; fileRef = 13D6F948167D282C0076213A /* WaitCommand.c */; };
		13D6F96F167D282C0076213A /* WaitForChildren.c in Sources */ = {isa = PBXBuildFile; fileRef = 13D6F949167D282C0076213A /* WaitForChildren.c */; };
		13D6F970167D282C0076213A /* WaitUntilCommand.c in Sources */ = {isa = PBXBuildFile; fileRef = 13D6F94A167D282C0076213A /* WaitUntilCommand.c */; };
		13D6F971167D282C0076213A /* Dashboard.c in Sources */ = {isa = PBXBuildFile; fileRef = 13D6F94B167D282C0076213A /* Dashboard.c */; };
		13D6F972167D282C0076213A /* DebugValue.c in Sources */ = {isa = PBXBuildFile; fileRef = 13D6F94C167D282C0076213A /* DebugValue.c */; };
		13D6F973167D282C0076213A /* Error.c in Sources */ = {isa = PBXBuildFile; fileRef = 13D6F94D167D282C0076213A /* Error.c */; };
		13D6F974167D282C0076213A /* Accelerometer.c in Sources */ = {isa = PBXBuildFile; fileRef = 13D6F94F167D282C0076213A /* Accelerometer.c */; };
		13D6F975167D282C0076213A /* AnalogIn.c in Sources */ = {isa = PBXBuildFile; fileRef = 13D6F950167D282C0076213A /* AnalogIn.c */; };
		13D6F976167D282C0076213A /* Device.c in Sources */ = {isa = PBXBuildFile; fileRef = 13D6F951167D282C0076213A /* Device.c */; };
		13D6F977167D282C0076213A /* DigitalIn.c in Sources */ = {isa = PBXBuildFile; fileRef = 13D6F952167D282C0076213A /* DigitalIn.c */; };
		13D6F978167D282C0076213A /* DigitalOut.c in Sources */ = {isa = PBXBuildFile; fileRef = 13D6F953167D282C0076213A /* DigitalOut.c */; };
		13D6F979167D282C0076213A /* Encoder.c in Sources */ = {isa = PBXBuildFile; fileRef = 13D6F954167D282C0076213A /* Encoder.c */; };
		13D6F97A167D282C0076213A /* Gyro.c in Sources */ = {isa = PBXBuildFile; fileRef = 13D6F955167D282C0076213A /* Gyro.c */; };
		13D6F97B167D282C0076213A /* Motor.c in Sources */ = {isa = PBXBuildFile; fileRef = 13D6F956167D282C0076213A /* Motor.c */; };
		13D6F97C167D282C0076213A /* MotorGroup.c in Sources */ = {isa = PBXBuildFile; fileRef = 13D6F957167D282C0076213A /* MotorGroup.c */; };
		13D6F97D167D282C0076213A /* PowerExpander.c in Sources */ = {isa = PBXBuildFile; fileRef = 13D6F958167D282C0076213A /* PowerExpander.c */; };
		13D6F97E167D282C0076213A /* SerialPort.c in Sources */ = {isa = PBXBuildFile; fileRef = 13D6F959167D282C0076213A /* SerialPort.c */; };
		13D6F97F167D282C0076213A /* Servo.c in Sources */ = {isa = PBXBuildFile; fileRef = 13D6F95A167D282C0076213A /* Servo.c */; };
		13D6F980167D282C0076213A /* Sonar.c in Sources */ = {isa = PBXBuildFile; fileRef = 13D6F95B167D282C0076213A /* Sonar.c */; };
		13D6F981167D282C0076213A /* LCD.c in Sources */ = {isa = PBXBuildFile; fileRef = 13D6F95C167D282C0076213A /* LCD.c */; };
		13D6F982167D282C0076213A /* LCDScreen.c in Sources */ = {isa = PBXBuildFile; fileRef = 13D6F95D167D282C0076213A /* LCDScreen.c */; };
		13D6F983167D282C0076213A /* List.c in Sources */ = {isa = PBXBuildFile; fileRef = 13D6F95E167D282C0076213A /* List.c */; };
		13D6F984167D282C0076213A /* PIDController.c in Sources */ = {isa = PBXBuildFile; fileRef = 13D6F95F167D282C0076213A /* PIDController.c */; };
		13D6F985167D282C0076213A /* PowerScaler.c in Sources */ = {isa = PBXBuildFile; fileRef = 13D6F960167D282C0076213A /* PowerScaler.c */; };
		13D6F986167D282C0076213A /* Scheduler.c in Sources */ = {isa = PBXBuildFile; fileRef = 13D6F961167D282C0076213A /* Scheduler.c */; };
		13D6F987167D282C0076213A /* Subsystem.c in Sources */ = {isa = PBXBuildFile; fileRef = 13D6F962167D282C0076213A /* Subsystem.c */; };
		13D6F988167D282C0076213A /* Timer.c in Sources */ = {isa = PBXBuildFile; fileRef = 13D6F963167D282C0076213A /* Timer.c */; };
		13D6F989167D282C0076213A /* VexOS.c in Sources */ = {isa = PBXBuildFile; fileRef = 13D6F964167D282C0076213A /* VexOS.c */; };
		13D6F98A167D282C0076213A /* Window.c in Sources */ = {isa = PBXBuildFile; fileRef = 13D6F965167D282C0076213A /* Window.c */; };
		13D6F9AD167D29160076213A /* easyC.c in Sources */ = {isa = PBXBuildFile; fileRef = 13D6F9AC167D29160076213A /* easyC.c */; };
		13D6F9AF167D29540076213A /* main.c in Sources */ = {isa = PBXBuildFile; fileRef = 13D6F9AE167D29540076213A /* main.c */; };
		13D6F9C2167D2F260076213A /* sys_Intake.c in Sources */ = {isa = PBXBuildFile; fileRef = 13D6F9BE167D2D7B0076213A /* sys_Intake.c */; };
		13D6F9C3167D2F2A0076213A /* Robot.c in Sources */ = {isa = PBXBuildFile; fileRef = 13D6F9BC167D2D7B0076213A /* Robot.c */; };
		13D6F9C4167D2F2A0076213A /* sys_Drive.c in Sources */ = {isa = PBXBuildFile; fileRef = 13D6F9BD167D2D7B0076213A /* sys_Drive.c */; };
		13D6F9C5167D2F2A0076213A /* sys_Lift.c in Sources */ = {isa = PBXBuildFile; fileRef = 13D6F9BF167D2D7B0076213A /* sys_Lift.c */; };
		13D6F9C6167D2F2A0076213A /* sys_Pivot.c in Sources */ = {isa = PBXBuildFile; fileRef = 13D6F9C0167D2D7B0076213A /* sys_Pivot.c */; };
		13D6F9C7167D2F2F0076213A /* cmd_AutoDrive.c in Sources */ = {isa = PBXBuildFile; fileRef = 13D6F9B6167D2D7B0076213A /* cmd_AutoDrive.c */; };
		13D6F9C8167D2F2F0076213A /* cmd_DriveWithJoystick.c in Sources */ = {isa = PBXBuildFile; fileRef = 13D6F9B7167D2D7B0076213A /* cmd_DriveWithJoystick.c */; };
		13D6F9C9167D2F2F0076213A /* cmd_SetIntake.c in Sources */ = {isa = PBXBuildFile; fileRef = 13D6F9B8167D2D7B0076213A /* cmd_SetIntake.c */; };
		13D6F9CA167D2F2F0076213A /* cmd_PivotSet.c in Sources */ = {isa = PBXBuildFile; fileRef = 13D6F9B9167D2D7B0076213A /* cmd_PivotSet.c */; };
		13D6F9CB167D2F2F0076213A /* cmd_LiftJog.c in Sources */ = {isa = PBXBuildFile; fileRef = 13D6F9BA167D2D7B0076213A /* cmd_LiftJog.c */; };
/* End PBXBuildFile section */

/* Begin PBXCopyFilesBuildPhase section */
		13D6F92E167D27980076213A /* CopyFiles */ = {
			isa = PBXCopyFilesBuildPhase;
			buildActionMask = 2147483647;
			dstPath = /usr/share/man/man1/;
			dstSubfolderSpec = 0;
			files = (
			);
			runOnlyForDeploymentPostprocessing = 1;
		};
/* End PBXCopyFilesBuildPhase section */

/* Begin PBXFileReference section */
		13D6F930167D27980076213A /* VexOS_Debug */ = {isa = PBXFileReference; explicitFileType = "compiled.mach-o.executable"; includeInIndex = 0; path = VexOS_Debug; sourceTree = BUILT_PRODUCTS_DIR; };
		13D6F93E167D282C0076213A /* Button.c */ = {isa = PBXFileReference; fileEncoding = 4; lastKnownFileType = sourcecode.c.c; name = Button.c; path = ../../../../src/Button.c; sourceTree = "<group>"; };
		13D6F940167D282C0076213A /* DigitalIOButton.c */ = {isa = PBXFileReference; fileEncoding = 4; lastKnownFileType = sourcecode.c.c; path = DigitalIOButton.c; sourceTree = "<group>"; };
		13D6F941167D282C0076213A /* InternalButton.c */ = {isa = PBXFileReference; fileEncoding = 4; lastKnownFileType = sourcecode.c.c; path = InternalButton.c; sourceTree = "<group>"; };
		13D6F942167D282C0076213A /* JoystickButton.c */ = {isa = PBXFileReference; fileEncoding = 4; lastKnownFileType = sourcecode.c.c; path = JoystickButton.c; sourceTree = "<group>"; };
		13D6F943167D282C0076213A /* Command.c */ = {isa = PBXFileReference; fileEncoding = 4; lastKnownFileType = sourcecode.c.c; name = Command.c; path = ../../../../src/Command.c; sourceTree = "<group>"; };
		13D6F944167D282C0076213A /* CommandGroup.c */ = {isa = PBXFileReference; fileEncoding = 4; lastKnownFileType = sourcecode.c.c; name = CommandGroup.c; path = ../../../../src/CommandGroup.c; sourceTree = "<group>"; };
		13D6F946167D282C0076213A /* PrintCommand.c */ = {isa = PBXFileReference; fileEncoding = 4; lastKnownFileType = sourcecode.c.c; path = PrintCommand.c; sourceTree = "<group>"; };
		13D6F947167D282C0076213A /* StartCommand.c */ = {isa = PBXFileReference; fileEncoding = 4; lastKnownFileType = sourcecode.c.c; path = StartCommand.c; sourceTree = "<group>"; };
		13D6F948167D282C0076213A /* WaitCommand.c */ = {isa = PBXFileReference; fileEncoding = 4; lastKnownFileType = sourcecode.c.c; path = WaitCommand.c; sourceTree = "<group>"; };
		13D6F949167D282C0076213A /* WaitForChildren.c */ = {isa = PBXFileReference; fileEncoding = 4; lastKnownFileType = sourcecode.c.c; path = WaitForChildren.c; sourceTree = "<group>"; };
		13D6F94A167D282C0076213A /* WaitUntilCommand.c */ = {isa = PBXFileReference; fileEncoding = 4; lastKnownFileType = sourcecode.c.c; path = WaitUntilCommand.c; sourceTree = "<group>"; };
		13D6F94B167D282C0076213A /* Dashboard.c */ = {isa = PBXFileReference; fileEncoding = 4; lastKnownFileType = sourcecode.c.c; name = Dashboard.c; path = ../../../../src/Dashboard.c; sourceTree = "<group>"; };
		13D6F94C167D282C0076213A /* DebugValue.c */ = {isa = PBXFileReference; fileEncoding = 4; lastKnownFileType = sourcecode.c.c; name = DebugValue.c; path = ../../../../src/DebugValue.c; sourceTree = "<group>"; };
		13D6F94D167D282C0076213A /* Error.c */ = {isa = PBXFileReference; fileEncoding = 4; lastKnownFileType = sourcecode.c.c; name = Error.c; path = ../../../../src/Error.c; sourceTree = "<group>"; };
		13D6F94F167D282C0076213A /* Accelerometer.c */ = {isa = PBXFileReference; fileEncoding = 4; lastKnownFileType = sourcecode.c.c; path = Accelerometer.c; sourceTree = "<group>"; };
		13D6F950167D282C0076213A /* AnalogIn.c */ = {isa = PBXFileReference; fileEncoding = 4; lastKnownFileType = sourcecode.c.c; path = AnalogIn.c; sourceTree = "<group>"; };
		13D6F951167D282C0076213A /* Device.c */ = {isa = PBXFileReference; fileEncoding = 4; lastKnownFileType = sourcecode.c.c; path = Device.c; sourceTree = "<group>"; };
		13D6F952167D282C0076213A /* DigitalIn.c */ = {isa = PBXFileReference; fileEncoding = 4; lastKnownFileType = sourcecode.c.c; path = DigitalIn.c; sourceTree = "<group>"; };
		13D6F953167D282C0076213A /* DigitalOut.c */ = {isa = PBXFileReference; fileEncoding = 4; lastKnownFileType = sourcecode.c.c; path = DigitalOut.c; sourceTree = "<group>"; };
		13D6F954167D282C0076213A /* Encoder.c */ = {isa = PBXFileReference; fileEncoding = 4; lastKnownFileType = sourcecode.c.c; path = Encoder.c; sourceTree = "<group>"; };
		13D6F955167D282C0076213A /* Gyro.c */ = {isa = PBXFileReference; fileEncoding = 4; lastKnownFileType = sourcecode.c.c; path = Gyro.c; sourceTree = "<group>"; };
		13D6F956167D282C0076213A /* Motor.c */ = {isa = PBXFileReference; fileEncoding = 4; lastKnownFileType = sourcecode.c.c; path = Motor.c; sourceTree = "<group>"; };
		13D6F957167D282C0076213A /* MotorGroup.c */ = {isa = PBXFileReference; fileEncoding = 4; lastKnownFileType = sourcecode.c.c; path = MotorGroup.c; sourceTree = "<group>"; };
		13D6F958167D282C0076213A /* PowerExpander.c */ = {isa = PBXFileReference; fileEncoding = 4; lastKnownFileType = sourcecode.c.c; path = PowerExpander.c; sourceTree = "<group>"; };
		13D6F959167D282C0076213A /* SerialPort.c */ = {isa = PBXFileReference; fileEncoding = 4; lastKnownFileType = sourcecode.c.c; path = SerialPort.c; sourceTree = "<group>"; };
		13D6F95A167D282C0076213A /* Servo.c */ = {isa = PBXFileReference; fileEncoding = 4; lastKnownFileType = sourcecode.c.c; path = Servo.c; sourceTree = "<group>"; };
		13D6F95B167D282C0076213A /* Sonar.c */ = {isa = PBXFileReference; fileEncoding = 4; lastKnownFileType = sourcecode.c.c; path = Sonar.c; sourceTree = "<group>"; };
		13D6F95C167D282C0076213A /* LCD.c */ = {isa = PBXFileReference; fileEncoding = 4; lastKnownFileType = sourcecode.c.c; name = LCD.c; path = ../../../../src/LCD.c; sourceTree = "<group>"; };
		13D6F95D167D282C0076213A /* LCDScreen.c */ = {isa = PBXFileReference; fileEncoding = 4; lastKnownFileType = sourcecode.c.c; name = LCDScreen.c; path = ../../../../src/LCDScreen.c; sourceTree = "<group>"; };
		13D6F95E167D282C0076213A /* List.c */ = {isa = PBXFileReference; fileEncoding = 4; lastKnownFileType = sourcecode.c.c; name = List.c; path = ../../../../src/List.c; sourceTree = "<group>"; };
		13D6F95F167D282C0076213A /* PIDController.c */ = {isa = PBXFileReference; fileEncoding = 4; lastKnownFileType = sourcecode.c.c; name = PIDController.c; path = ../../../../src/PIDController.c; sourceTree = "<group>"; };
		13D6F960167D282C0076213A /* PowerScaler.c */ = {isa = PBXFileReference; fileEncoding = 4; lastKnownFileType = sourcecode.c.c; name = PowerScaler.c; path = ../../../../src/PowerScaler.c; sourceTree = "<group>"; };
		13D6F961167D282C0076213A /* Scheduler.c */ = {isa = PBXFileReference; fileEncoding = 4; lastKnownFileType = sourcecode.c.c; name = Scheduler.c; path = ../../../../src/Scheduler.c; sourceTree = "<group>"; };
		13D6F962167D282C0076213A /* Subsystem.c */ = {isa = PBXFileReference; fileEncoding = 4; lastKnownFileType = sourcecode.c.c; name = Subsystem.c; path = ../../../../src/Subsystem.c; sourceTree = "<group>"; };
		13D6F963167D282C0076213A /* Timer.c */ = {isa = PBXFileReference; fileEncoding = 4; lastKnownFileType = sourcecode.c.c; name = Timer.c; path = ../../../../src/Timer.c; sourceTree = "<group>"; };
		13D6F964167D282C0076213A /* VexOS.c */ = {isa = PBXFileReference; fileEncoding = 4; lastKnownFileType = sourcecode.c.c; name = VexOS.c; path = ../../../../src/VexOS.c; sourceTree = "<group>"; };
		13D6F965167D282C0076213A /* Window.c */ = {isa = PBXFileReference; fileEncoding = 4; lastKnownFileType = sourcecode.c.c; name = Window.c; path = ../../../../src/Window.c; sourceTree = "<group>"; };
		13D6F98C167D28440076213A /* ButtonClass.h */ = {isa = PBXFileReference; fileEncoding = 4; lastKnownFileType = sourcecode.c.h; path = ButtonClass.h; sourceTree = "<group>"; };
		13D6F98D167D28440076213A /* CommandClass.h */ = {isa = PBXFileReference; fileEncoding = 4; lastKnownFileType = sourcecode.c.h; path = CommandClass.h; sourceTree = "<group>"; };
		13D6F98E167D28440076213A /* Hardware.h */ = {isa = PBXFileReference; fileEncoding = 4; lastKnownFileType = sourcecode.c.h; path = Hardware.h; sourceTree = "<group>"; };
		13D6F98F167D28440076213A /* Subsystem.h */ = {isa = PBXFileReference; fileEncoding = 4; lastKnownFileType = sourcecode.c.h; path = Subsystem.h; sourceTree = "<group>"; };
		13D6F990167D28440076213A /* VexOS.h */ = {isa = PBXFileReference; fileEncoding = 4; lastKnownFileType = sourcecode.c.h; path = VexOS.h; sourceTree = "<group>"; };
		13D6F992167D28520076213A /* Button.h */ = {isa = PBXFileReference; fileEncoding = 4; lastKnownFileType = sourcecode.c.h; path = Button.h; sourceTree = "<group>"; };
		13D6F993167D28520076213A /* Command.h */ = {isa = PBXFileReference; fileEncoding = 4; lastKnownFileType = sourcecode.c.h; path = Command.h; sourceTree = "<group>"; };
		13D6F994167D28520076213A /* CommandGroup.h */ = {isa = PBXFileReference; fileEncoding = 4; lastKnownFileType = sourcecode.c.h; path = CommandGroup.h; sourceTree = "<group>"; };
		13D6F995167D28520076213A /* Dashboard.h */ = {isa = PBXFileReference; fileEncoding = 4; lastKnownFileType = sourcecode.c.h; path = Dashboard.h; sourceTree = "<group>"; };
		13D6F996167D28520076213A /* Error.h */ = {isa = PBXFileReference; fileEncoding = 4; lastKnownFileType = sourcecode.c.h; path = Error.h; sourceTree = "<group>"; };
		13D6F998167D28520076213A /* Device.h */ = {isa = PBXFileReference; fileEncoding = 4; lastKnownFileType = sourcecode.c.h; path = Device.h; sourceTree = "<group>"; };
		13D6F999167D28520076213A /* Motor.h */ = {isa = PBXFileReference; fileEncoding = 4; lastKnownFileType = sourcecode.c.h; path = Motor.h; sourceTree = "<group>"; };
		13D6F99A167D28520076213A /* LCD.h */ = {isa = PBXFileReference; fileEncoding = 4; lastKnownFileType = sourcecode.c.h; path = LCD.h; sourceTree = "<group>"; };
		13D6F99B167D28520076213A /* LCDScreen.h */ = {isa = PBXFileReference; fileEncoding = 4; lastKnownFileType = sourcecode.c.h; path = LCDScreen.h; sourceTree = "<group>"; };
		13D6F99C167D28520076213A /* Scheduler.h */ = {isa = PBXFileReference; fileEncoding = 4; lastKnownFileType = sourcecode.c.h; path = Scheduler.h; sourceTree = "<group>"; };
		13D6F99D167D28520076213A /* Window.h */ = {isa = PBXFileReference; fileEncoding = 4; lastKnownFileType = sourcecode.c.h; path = Window.h; sourceTree = "<group>"; };
		13D6F99F167D289B0076213A /* BSD_License_for_WPILib_code.txt */ = {isa = PBXFileReference; fileEncoding = 4; lastKnownFileType = text; path = BSD_License_for_WPILib_code.txt; sourceTree = "<group>"; };
		13D6F9A0167D289B0076213A /* COPYING */ = {isa = PBXFileReference; fileEncoding = 4; lastKnownFileType = text; path = COPYING; sourceTree = "<group>"; };
		13D6F9A1167D289B0076213A /* COPYING.LESSER */ = {isa = PBXFileReference; fileEncoding = 4; lastKnownFileType = text; path = COPYING.LESSER; sourceTree = "<group>"; };
		13D6F9AC167D29160076213A /* easyC.c */ = {isa = PBXFileReference; fileEncoding = 4; lastKnownFileType = sourcecode.c.c; path = easyC.c; sourceTree = "<group>"; };
		13D6F9AE167D29540076213A /* main.c */ = {isa = PBXFileReference; fileEncoding = 4; lastKnownFileType = sourcecode.c.c; path = main.c; sourceTree = "<group>"; };
		13D6F9B1167D29D30076213A /* globaldata.h */ = {isa = PBXFileReference; lastKnownFileType = sourcecode.c.h; path = globaldata.h; sourceTree = "<group>"; };
		13D6F9B3167D29E40076213A /* API.h */ = {isa = PBXFileReference; lastKnownFileType = sourcecode.c.h; path = API.h; sourceTree = "<group>"; };
		13D6F9B4167D2CB00076213A /* easyCRuntime.elf.ld */ = {isa = PBXFileReference; fileEncoding = 4; lastKnownFileType = text; path = easyCRuntime.elf.ld; sourceTree = "<group>"; };
		13D6F9B6167D2D7B0076213A /* cmd_AutoDrive.c */ = {isa = PBXFileReference; lastKnownFileType = sourcecode.c.c; path = cmd_AutoDrive.c; sourceTree = "<group>"; };
		13D6F9B7167D2D7B0076213A /* cmd_DriveWithJoystick.c */ = {isa = PBXFileReference; lastKnownFileType = sourcecode.c.c; path = cmd_DriveWithJoystick.c; sourceTree = "<group>"; };
		13D6F9B8167D2D7B0076213A /* cmd_SetIntake.c */ = {isa = PBXFileReference; lastKnownFileType = sourcecode.c.c; path = cmd_SetIntake.c; sourceTree = "<group>"; };
		13D6F9B9167D2D7B0076213A /* cmd_PivotSet.c */ = {isa = PBXFileReference; lastKnownFileType = sourcecode.c.c; path = cmd_PivotSet.c; sourceTree = "<group>"; };
		13D6F9BA167D2D7B0076213A /* cmd_LiftJog.c */ = {isa = PBXFileReference; lastKnownFileType = sourcecode.c.c; path = cmd_LiftJog.c; sourceTree = "<group>"; };
		13D6F9BB167D2D7B0076213A /* Robot.h */ = {isa = PBXFileReference; lastKnownFileType = sourcecode.c.h; path = Robot.h; sourceTree = "<group>"; };
		13D6F9BC167D2D7B0076213A /* Robot.c */ = {isa = PBXFileReference; lastKnownFileType = sourcecode.c.c; path = Robot.c; sourceTree = "<group>"; };
		13D6F9BD167D2D7B0076213A /* sys_Drive.c */ = {isa = PBXFileReference; lastKnownFileType = sourcecode.c.c; path = sys_Drive.c; sourceTree = "<group>"; };
		13D6F9BE167D2D7B0076213A /* sys_Intake.c */ = {isa = PBXFileReference; lastKnownFileType = sourcecode.c.c; path = sys_Intake.c; sourceTree = "<group>"; };
		13D6F9BF167D2D7B0076213A /* sys_Lift.c */ = {isa = PBXFileReference; lastKnownFileType = sourcecode.c.c; path = sys_Lift.c; sourceTree = "<group>"; };
		13D6F9C0167D2D7B0076213A /* sys_Pivot.c */ = {isa = PBXFileReference; lastKnownFileType = sourcecode.c.c; path = sys_Pivot.c; sourceTree = "<group>"; };
		13D6F9CC167D831D0076213A /* ReadMe.txt */ = {isa = PBXFileReference; fileEncoding = 4; lastKnownFileType = text; path = ReadMe.txt; sourceTree = "<group>"; };
		13D6F9CD167D831D0076213A /* UserInclude.h */ = {isa = PBXFileReference; fileEncoding = 4; lastKnownFileType = sourcecode.c.h; path = UserInclude.h; sourceTree = "<group>"; };
/* End PBXFileReference section */

/* Begin PBXFrameworksBuildPhase section */
		13D6F92D167D27980076213A /* Frameworks */ = {
			isa = PBXFrameworksBuildPhase;
			buildActionMask = 2147483647;
			files = (
			);
			runOnlyForDeploymentPostprocessing = 0;
		};
/* End PBXFrameworksBuildPhase section */

/* Begin PBXGroup section */
		13D6F925167D27980076213A = {
			isa = PBXGroup;
			children = (
				13D6F933167D27980076213A /* VexOS_Debug */,
				13D6F931167D27980076213A /* Products */,
			);
			sourceTree = "<group>";
		};
		13D6F931167D27980076213A /* Products */ = {
			isa = PBXGroup;
			children = (
				13D6F930167D27980076213A /* VexOS_Debug */,
			);
			name = Products;
			sourceTree = "<group>";
		};
		13D6F933167D27980076213A /* VexOS_Debug */ = {
			isa = PBXGroup;
			children = (
				13D6F99E167D289B0076213A /* etc */,
				13D6F991167D28520076213A /* headers */,
				13D6F98B167D28440076213A /* include */,
				13D6F93D167D27F70076213A /* src */,
			);
			path = VexOS_Debug;
			sourceTree = "<group>";
		};
		13D6F93D167D27F70076213A /* src */ = {
			isa = PBXGroup;
			children = (
				13D6F93F167D282C0076213A /* buttons */,
				13D6F945167D282C0076213A /* commands */,
				13D6F94E167D282C0076213A /* hardware */,
				13D6F93E167D282C0076213A /* Button.c */,
				13D6F943167D282C0076213A /* Command.c */,
				13D6F944167D282C0076213A /* CommandGroup.c */,
				13D6F94B167D282C0076213A /* Dashboard.c */,
				13D6F94C167D282C0076213A /* DebugValue.c */,
				13D6F94D167D282C0076213A /* Error.c */,
				13D6F95C167D282C0076213A /* LCD.c */,
				13D6F95D167D282C0076213A /* LCDScreen.c */,
				13D6F95E167D282C0076213A /* List.c */,
				13D6F95F167D282C0076213A /* PIDController.c */,
				13D6F960167D282C0076213A /* PowerScaler.c */,
				13D6F961167D282C0076213A /* Scheduler.c */,
				13D6F962167D282C0076213A /* Subsystem.c */,
				13D6F963167D282C0076213A /* Timer.c */,
				13D6F964167D282C0076213A /* VexOS.c */,
				13D6F965167D282C0076213A /* Window.c */,
			);
			name = src;
			sourceTree = "<group>";
		};
		13D6F93F167D282C0076213A /* buttons */ = {
			isa = PBXGroup;
			children = (
				13D6F940167D282C0076213A /* DigitalIOButton.c */,
				13D6F941167D282C0076213A /* InternalButton.c */,
				13D6F942167D282C0076213A /* JoystickButton.c */,
			);
			name = buttons;
			path = ../../../../src/buttons;
			sourceTree = "<group>";
		};
		13D6F945167D282C0076213A /* commands */ = {
			isa = PBXGroup;
			children = (
				13D6F946167D282C0076213A /* PrintCommand.c */,
				13D6F947167D282C0076213A /* StartCommand.c */,
				13D6F948167D282C0076213A /* WaitCommand.c */,
				13D6F949167D282C0076213A /* WaitForChildren.c */,
				13D6F94A167D282C0076213A /* WaitUntilCommand.c */,
			);
			name = commands;
			path = ../../../../src/commands;
			sourceTree = "<group>";
		};
		13D6F94E167D282C0076213A /* hardware */ = {
			isa = PBXGroup;
			children = (
				13D6F94F167D282C0076213A /* Accelerometer.c */,
				13D6F950167D282C0076213A /* AnalogIn.c */,
				13D6F951167D282C0076213A /* Device.c */,
				13D6F952167D282C0076213A /* DigitalIn.c */,
				13D6F953167D282C0076213A /* DigitalOut.c */,
				13D6F954167D282C0076213A /* Encoder.c */,
				13D6F955167D282C0076213A /* Gyro.c */,
				13D6F956167D282C0076213A /* Motor.c */,
				13D6F957167D282C0076213A /* MotorGroup.c */,
				13D6F958167D282C0076213A /* PowerExpander.c */,
				13D6F959167D282C0076213A /* SerialPort.c */,
				13D6F95A167D282C0076213A /* Servo.c */,
				13D6F95B167D282C0076213A /* Sonar.c */,
			);
			name = hardware;
			path = ../../../../src/hardware;
			sourceTree = "<group>";
		};
		13D6F98B167D28440076213A /* include */ = {
			isa = PBXGroup;
			children = (
				13D6F98C167D28440076213A /* ButtonClass.h */,
				13D6F98D167D28440076213A /* CommandClass.h */,
				13D6F98E167D28440076213A /* Hardware.h */,
				13D6F98F167D28440076213A /* Subsystem.h */,
				13D6F990167D28440076213A /* VexOS.h */,
			);
			name = include;
			path = ../../../../include;
			sourceTree = "<group>";
		};
		13D6F991167D28520076213A /* headers */ = {
			isa = PBXGroup;
			children = (
				13D6F997167D28520076213A /* hardware */,
				13D6F992167D28520076213A /* Button.h */,
				13D6F993167D28520076213A /* Command.h */,
				13D6F994167D28520076213A /* CommandGroup.h */,
				13D6F995167D28520076213A /* Dashboard.h */,
				13D6F996167D28520076213A /* Error.h */,
				13D6F99A167D28520076213A /* LCD.h */,
				13D6F99B167D28520076213A /* LCDScreen.h */,
				13D6F99C167D28520076213A /* Scheduler.h */,
				13D6F99D167D28520076213A /* Window.h */,
			);
			name = headers;
			path = ../../../../headers;
			sourceTree = "<group>";
		};
		13D6F997167D28520076213A /* hardware */ = {
			isa = PBXGroup;
			children = (
				13D6F998167D28520076213A /* Device.h */,
				13D6F999167D28520076213A /* Motor.h */,
			);
			path = hardware;
			sourceTree = "<group>";
		};
		13D6F99E167D289B0076213A /* etc */ = {
			isa = PBXGroup;
			children = (
				13D6F9B0167D29C90076213A /* easyC */,
				13D6F9B5167D2D5A0076213A /* example */,
				13D6F9A3167D289B0076213A /* XCode */,
				13D6F99F167D289B0076213A /* BSD_License_for_WPILib_code.txt */,
				13D6F9A0167D289B0076213A /* COPYING */,
				13D6F9A1167D289B0076213A /* COPYING.LESSER */,
			);
			name = etc;
			path = ../../..;
			sourceTree = "<group>";
		};
		13D6F9A3167D289B0076213A /* XCode */ = {
			isa = PBXGroup;
			children = (
				13D6F9AC167D29160076213A /* easyC.c */,
				13D6F9AE167D29540076213A /* main.c */,
			);
			path = XCode;
			sourceTree = "<group>";
		};
		13D6F9B0167D29C90076213A /* easyC */ = {
			isa = PBXGroup;
			children = (
				13D6F9B4167D2CB00076213A /* easyCRuntime.elf.ld */,
				13D6F9B3167D29E40076213A /* API.h */,
				13D6F9B1167D29D30076213A /* globaldata.h */,
			);
			path = easyC;
			sourceTree = "<group>";
		};
		13D6F9B5167D2D5A0076213A /* example */ = {
			isa = PBXGroup;
			children = (
				13D6F9B6167D2D7B0076213A /* cmd_AutoDrive.c */,
				13D6F9B7167D2D7B0076213A /* cmd_DriveWithJoystick.c */,
				13D6F9B8167D2D7B0076213A /* cmd_SetIntake.c */,
				13D6F9B9167D2D7B0076213A /* cmd_PivotSet.c */,
				13D6F9BA167D2D7B0076213A /* cmd_LiftJog.c */,
				13D6F9BB167D2D7B0076213A /* Robot.h */,
				13D6F9BC167D2D7B0076213A /* Robot.c */,
				13D6F9BD167D2D7B0076213A /* sys_Drive.c */,
				13D6F9BE167D2D7B0076213A /* sys_Intake.c */,
				13D6F9BF167D2D7B0076213A /* sys_Lift.c */,
				13D6F9C0167D2D7B0076213A /* sys_Pivot.c */,
				13D6F9CD167D831D0076213A /* UserInclude.h */,
				13D6F9CC167D831D0076213A /* ReadMe.txt */,
			);
			path = example;
			sourceTree = "<group>";
		};
/* End PBXGroup section */

/* Begin PBXNativeTarget section */
		13D6F92F167D27980076213A /* VexOS_Debug */ = {
			isa = PBXNativeTarget;
			buildConfigurationList = 13D6F93A167D27980076213A /* Build configuration list for PBXNativeTarget "VexOS_Debug" */;
			buildPhases = (
				13D6F92C167D27980076213A /* Sources */,
				13D6F92D167D27980076213A /* Frameworks */,
				13D6F92E167D27980076213A /* CopyFiles */,
			);
			buildRules = (
			);
			dependencies = (
			);
			name = VexOS_Debug;
			productName = VexOS_Debug;
			productReference = 13D6F930167D27980076213A /* VexOS_Debug */;
			productType = "com.apple.product-type.tool";
		};
/* End PBXNativeTarget section */

/* Begin PBXProject section */
		13D6F927167D27980076213A /* Project object */ = {
			isa = PBXProject;
			attributes = {
				LastUpgradeCheck = 0450;
				ORGANIZATIONNAME = "Jeff Malins";
			};
			buildConfigurationList = 13D6F92A167D27980076213A /* Build configuration list for PBXProject "VexOS_Debug" */;
			compatibilityVersion = "Xcode 3.2";
			developmentRegion = English;
			hasScannedForEncodings = 0;
			knownRegions = (
				en,
			);
			mainGroup = 13D6F925167D27980076213A;
			productRefGroup = 13D6F931167D27980076213A /* Products */;
			projectDirPath = "";
			projectRoot = "";
			targets = (
				13D6F92F167D27980076213A /* VexOS_Debug */,
			);
		};
/* End PBXProject section */

/* Begin PBXSourcesBuildPhase section */
		13D6F92C167D27980076213A /* Sources */ = {
			isa = PBXSourcesBuildPhase;
			buildActionMask = 2147483647;
			files = (
				13D6F966167D282C0076213A /* Button.c in Sources */,
				13D6F967167D282C0076213A /* DigitalIOButton.c in Sources */,
				13D6F968167D282C0076213A /* InternalButton.c in Sources */,
				13D6F969167D282C0076213A /* JoystickButton.c in Sources */,
				13D6F96A167D282C0076213A /* Command.c in Sources */,
				13D6F96B167D282C0076213A /* CommandGroup.c in Sources */,
				13D6F96C167D282C0076213A /* PrintCommand.c in Sources */,
				13D6F96D167D282C0076213A /* StartCommand.c in Sources */,
				13D6F96E167D282C0076213A /* WaitCommand.c in Sources */,
				13D6F96F167D282C0076213A /* WaitForChildren.c in Sources */,
				13D6F970167D282C0076213A /* WaitUntilCommand.c in Sources */,
				13D6F971167D282C0076213A /* Dashboard.c in Sources */,
				13D6F972167D282C0076213A /* DebugValue.c in Sources */,
				13D6F973167D282C0076213A /* Error.c in Sources */,
				13D6F974167D282C0076213A /* Accelerometer.c in Sources */,
				13D6F975167D282C0076213A /* AnalogIn.c in Sources */,
				13D6F976167D282C0076213A /* Device.c in Sources */,
				13D6F977167D282C0076213A /* DigitalIn.c in Sources */,
				13D6F978167D282C0076213A /* DigitalOut.c in Sources */,
				13D6F979167D282C0076213A /* Encoder.c in Sources */,
				13D6F97A167D282C0076213A /* Gyro.c in Sources */,
				13D6F97B167D282C0076213A /* Motor.c in Sources */,
				13D6F97C167D282C0076213A /* MotorGroup.c in Sources */,
				13D6F97D167D282C0076213A /* PowerExpander.c in Sources */,
				13D6F97E167D282C0076213A /* SerialPort.c in Sources */,
				13D6F97F167D282C0076213A /* Servo.c in Sources */,
				13D6F980167D282C0076213A /* Sonar.c in Sources */,
				13D6F981167D282C0076213A /* LCD.c in Sources */,
				13D6F982167D282C0076213A /* LCDScreen.c in Sources */,
				13D6F983167D282C0076213A /* List.c in Sources */,
				13D6F984167D282C0076213A /* PIDController.c in Sources */,
				13D6F985167D282C0076213A /* PowerScaler.c in Sources */,
				13D6F986167D282C0076213A /* Scheduler.c in Sources */,
				13D6F987167D282C0076213A /* Subsystem.c in Sources */,
				13D6F988167D282C0076213A /* Timer.c in Sources */,
				13D6F989167D282C0076213A /* VexOS.c in Sources */,
				13D6F98A167D282C0076213A /* Window.c in Sources */,
				13D6F9AD167D29160076213A /* easyC.c in Sources */,
				13D6F9AF167D29540076213A /* main.c in Sources */,
				13D6F9C2167D2F260076213A /* sys_Intake.c in Sources */,
				13D6F9C3167D2F2A0076213A /* Robot.c in Sources */,
				13D6F9C4167D2F2A0076213A /* sys_Drive.c in Sources */,
				13D6F9C5167D2F2A0076213A /* sys_Lift.c in Sources */,
				13D6F9C6167D2F2A0076213A /* sys_Pivot.c in Sources */,
				13D6F9C7167D2F2F0076213A /* cmd_AutoDrive.c in Sources */,
				13D6F9C8167D2F2F0076213A /* cmd_DriveWithJoystick.c in Sources */,
				13D6F9C9167D2F2F0076213A /* cmd_SetIntake.c in Sources */,
				13D6F9CA167D2F2F0076213A /* cmd_PivotSet.c in Sources */,
				13D6F9CB167D2F2F0076213A /* cmd_LiftJog.c in Sources */,
			);
			runOnlyForDeploymentPostprocessing = 0;
		};
/* End PBXSourcesBuildPhase section */

/* Begin XCBuildConfiguration section */
		13D6F938167D27980076213A /* Debug */ = {
			isa = XCBuildConfiguration;
			buildSettings = {
				ALWAYS_SEARCH_USER_PATHS = NO;
				ARCHS = "$(ARCHS_STANDARD_64_BIT)";
				CLANG_CXX_LANGUAGE_STANDARD = "gnu++0x";
				CLANG_CXX_LIBRARY = "libc++";
				CLANG_WARN_EMPTY_BODY = YES;
				CLANG_WARN__DUPLICATE_METHOD_MATCH = YES;
				COPY_PHASE_STRIP = NO;
				GCC_C_LANGUAGE_STANDARD = gnu99;
				GCC_DYNAMIC_NO_PIC = NO;
				GCC_ENABLE_OBJC_EXCEPTIONS = YES;
				GCC_OPTIMIZATION_LEVEL = 0;
				GCC_PREPROCESSOR_DEFINITIONS = (
					"DEBUG=1",
					"$(inherited)",
				);
				GCC_SYMBOLS_PRIVATE_EXTERN = NO;
				GCC_WARN_64_TO_32_BIT_CONVERSION = YES;
				GCC_WARN_ABOUT_RETURN_TYPE = YES;
				GCC_WARN_UNINITIALIZED_AUTOS = YES;
				GCC_WARN_UNUSED_VARIABLE = YES;
				MACOSX_DEPLOYMENT_TARGET = 10.8;
				ONLY_ACTIVE_ARCH = YES;
				SDKROOT = macosx;
			};
			name = Debug;
		};
		13D6F939167D27980076213A /* Release */ = {
			isa = XCBuildConfiguration;
			buildSettings = {
				ALWAYS_SEARCH_USER_PATHS = NO;
				ARCHS = "$(ARCHS_STANDARD_64_BIT)";
				CLANG_CXX_LANGUAGE_STANDARD = "gnu++0x";
				CLANG_CXX_LIBRARY = "libc++";
				CLANG_WARN_EMPTY_BODY = YES;
				CLANG_WARN__DUPLICATE_METHOD_MATCH = YES;
				COPY_PHASE_STRIP = YES;
				DEBUG_INFORMATION_FORMAT = "dwarf-with-dsym";
				GCC_C_LANGUAGE_STANDARD = gnu99;
				GCC_ENABLE_OBJC_EXCEPTIONS = YES;
				GCC_WARN_64_TO_32_BIT_CONVERSION = YES;
				GCC_WARN_ABOUT_RETURN_TYPE = YES;
				GCC_WARN_UNINITIALIZED_AUTOS = YES;
				GCC_WARN_UNUSED_VARIABLE = YES;
				MACOSX_DEPLOYMENT_TARGET = 10.8;
				SDKROOT = macosx;
			};
			name = Release;
		};
		13D6F93B167D27980076213A /* Debug */ = {
			isa = XCBuildConfiguration;
			buildSettings = {
				PRODUCT_NAME = "$(TARGET_NAME)";
			};
			name = Debug;
		};
		13D6F93C167D27980076213A /* Release */ = {
			isa = XCBuildConfiguration;
			buildSettings = {
				PRODUCT_NAME = "$(TARGET_NAME)";
			};
			name = Release;
		};
/* End XCBuildConfiguration section */

/* Begin XCConfigurationList section */
		13D6F92A167D27980076213A /* Build configuration list for PBXProject "VexOS_Debug" */ = {
			isa = XCConfigurationList;
			buildConfigurations = (
				13D6F938167D27980076213A /* Debug */,
				13D6F939167D27980076213A /* Release */,
			);
			defaultConfigurationIsVisible = 0;
			defaultConfigurationName = Release;
		};
		13D6F93A167D27980076213A /* Build configuration list for PBXNativeTarget "VexOS_Debug" */ = {
			isa = XCConfigurationList;
			buildConfigurations = (
				13D6F93B167D27980076213A /* Debug */,
				13D6F93C167D27980076213A /* Release */,
			);
			defaultConfigurationIsVisible = 0;
		};
/* End XCConfigurationList section */
	};
	rootObject = 13D6F927167D27980076213A /* Project object */;
}
